
Microsoft Visual Studio Solution File, Format Version 12.00
# Visual Studio Version 16
VisualStudioVersion = 16.0.30517.126
MinimumVisualStudioVersion = 10.0.40219.1
Project("{8BC9CEB8-8B4A-11D0-8D11-00A0C91BC942}") = "content_widget", "content_widget\content_widget.vcxproj", "{A21CB885-22AD-4F71-AFE3-44F820C1CBFE}"
EndProject
Global
	GlobalSection(SolutionConfigurationPlatforms) = preSolution
		Debug|x64 = Debug|x64
		Release|x64 = Release|x64
	EndGlobalSection
	GlobalSection(ProjectConfigurationPlatforms) = postSolution
		{A21CB885-22AD-4F71-AFE3-44F820C1CBFE}.Debug|x64.ActiveCfg = Debug|x64
		{A21CB885-22AD-4F71-AFE3-44F820C1CBFE}.Debug|x64.Build.0 = Debug|x64
		{A21CB885-22AD-4F71-AFE3-44F820C1CBFE}.Release|x64.ActiveCfg = Release|x64
		{A21CB885-22AD-4F71-AFE3-44F820C1CBFE}.Release|x64.Build.0 = Release|x64
	EndGlobalSection
	GlobalSection(SolutionProperties) = preSolution
		HideSolutionNode = FALSE
	EndGlobalSection
	GlobalSection(ExtensibilityGlobals) = postSolution
		SolutionGuid = {F1208AA5-3C74-471E-8E99-5A0EEB20BF42}
	EndGlobalSection
EndGlobal
